// !$*UTF8*$!
{
	archiveVersion = 1;
	classes = {
	};
	objectVersion = 46;
	objects = {

/* Begin PBXBuildFile section */
		B23898891A516CA900C08E26 /* AppDelegate.swift in Sources */ = {isa = PBXBuildFile; fileRef = B23898881A516CA900C08E26 /* AppDelegate.swift */; };
		B238988B1A516CA900C08E26 /* ViewController.swift in Sources */ = {isa = PBXBuildFile; fileRef = B238988A1A516CA900C08E26 /* ViewController.swift */; };
		B238988E1A516CA900C08E26 /* Main.storyboard in Resources */ = {isa = PBXBuildFile; fileRef = B238988C1A516CA900C08E26 /* Main.storyboard */; };
		B23898901A516CA900C08E26 /* Images.xcassets in Resources */ = {isa = PBXBuildFile; fileRef = B238988F1A516CA900C08E26 /* Images.xcassets */; };
		B23898931A516CA900C08E26 /* LaunchScreen.xib in Resources */ = {isa = PBXBuildFile; fileRef = B23898911A516CA900C08E26 /* LaunchScreen.xib */; };
		B238989F1A516CA900C08E26 /* PullMenuTests.swift in Sources */ = {isa = PBXBuildFile; fileRef = B238989E1A516CA900C08E26 /* PullMenuTests.swift */; };
		B23898AB1A516CCD00C08E26 /* PullMenu.swift in Sources */ = {isa = PBXBuildFile; fileRef = B23898AA1A516CCD00C08E26 /* PullMenu.swift */; };
		B23898AD1A51707600C08E26 /* CEMKit.swift in Sources */ = {isa = PBXBuildFile; fileRef = B23898AC1A51707600C08E26 /* CEMKit.swift */; };
/* End PBXBuildFile section */

/* Begin PBXContainerItemProxy section */
		B23898991A516CA900C08E26 /* PBXContainerItemProxy */ = {
			isa = PBXContainerItemProxy;
			containerPortal = B238987B1A516CA900C08E26 /* Project object */;
			proxyType = 1;
			remoteGlobalIDString = B23898821A516CA900C08E26;
			remoteInfo = PullMenu;
		};
/* End PBXContainerItemProxy section */

/* Begin PBXFileReference section */
		B23898831A516CA900C08E26 /* PullMenu.app */ = {isa = PBXFileReference; explicitFileType = wrapper.application; includeInIndex = 0; path = PullMenu.app; sourceTree = BUILT_PRODUCTS_DIR; };
		B23898871A516CA900C08E26 /* Info.plist */ = {isa = PBXFileReference; lastKnownFileType = text.plist.xml; path = Info.plist; sourceTree = "<group>"; };
		B23898881A516CA900C08E26 /* AppDelegate.swift */ = {isa = PBXFileReference; lastKnownFileType = sourcecode.swift; path = AppDelegate.swift; sourceTree = "<group>"; };
		B238988A1A516CA900C08E26 /* ViewController.swift */ = {isa = PBXFileReference; lastKnownFileType = sourcecode.swift; path = ViewController.swift; sourceTree = "<group>"; };
		B238988D1A516CA900C08E26 /* Base */ = {isa = PBXFileReference; lastKnownFileType = file.storyboard; name = Base; path = Base.lproj/Main.storyboard; sourceTree = "<group>"; };
		B238988F1A516CA900C08E26 /* Images.xcassets */ = {isa = PBXFileReference; lastKnownFileType = folder.assetcatalog; path = Images.xcassets; sourceTree = "<group>"; };
		B23898921A516CA900C08E26 /* Base */ = {isa = PBXFileReference; lastKnownFileType = file.xib; name = Base; path = Base.lproj/LaunchScreen.xib; sourceTree = "<group>"; };
		B23898981A516CA900C08E26 /* PullMenuTests.xctest */ = {isa = PBXFileReference; explicitFileType = wrapper.cfbundle; includeInIndex = 0; path = PullMenuTests.xctest; sourceTree = BUILT_PRODUCTS_DIR; };
		B238989D1A516CA900C08E26 /* Info.plist */ = {isa = PBXFileReference; lastKnownFileType = text.plist.xml; path = Info.plist; sourceTree = "<group>"; };
		B238989E1A516CA900C08E26 /* PullMenuTests.swift */ = {isa = PBXFileReference; lastKnownFileType = sourcecode.swift; path = PullMenuTests.swift; sourceTree = "<group>"; };
		B23898AA1A516CCD00C08E26 /* PullMenu.swift */ = {isa = PBXFileReference; fileEncoding = 4; lastKnownFileType = sourcecode.swift; path = PullMenu.swift; sourceTree = "<group>"; };
		B23898AC1A51707600C08E26 /* CEMKit.swift */ = {isa = PBXFileReference; fileEncoding = 4; lastKnownFileType = sourcecode.swift; path = CEMKit.swift; sourceTree = "<group>"; };
/* End PBXFileReference section */

/* Begin PBXFrameworksBuildPhase section */
		B23898801A516CA900C08E26 /* Frameworks */ = {
			isa = PBXFrameworksBuildPhase;
			buildActionMask = 2147483647;
			files = (
			);
			runOnlyForDeploymentPostprocessing = 0;
		};
		B23898951A516CA900C08E26 /* Frameworks */ = {
			isa = PBXFrameworksBuildPhase;
			buildActionMask = 2147483647;
			files = (
			);
			runOnlyForDeploymentPostprocessing = 0;
		};
/* End PBXFrameworksBuildPhase section */

/* Begin PBXGroup section */
		B238987A1A516CA900C08E26 = {
			isa = PBXGroup;
			children = (
				B23898851A516CA900C08E26 /* PullMenu */,
				B238989B1A516CA900C08E26 /* PullMenuTests */,
				B23898841A516CA900C08E26 /* Products */,
			);
			sourceTree = "<group>";
		};
		B23898841A516CA900C08E26 /* Products */ = {
			isa = PBXGroup;
			children = (
				B23898831A516CA900C08E26 /* PullMenu.app */,
				B23898981A516CA900C08E26 /* PullMenuTests.xctest */,
			);
			name = Products;
			sourceTree = "<group>";
		};
		B23898851A516CA900C08E26 /* PullMenu */ = {
			isa = PBXGroup;
			children = (
				B23898AC1A51707600C08E26 /* CEMKit.swift */,
				B23898881A516CA900C08E26 /* AppDelegate.swift */,
				B238988A1A516CA900C08E26 /* ViewController.swift */,
				B238988C1A516CA900C08E26 /* Main.storyboard */,
				B238988F1A516CA900C08E26 /* Images.xcassets */,
				B23898911A516CA900C08E26 /* LaunchScreen.xib */,
				B23898861A516CA900C08E26 /* Supporting Files */,
				B23898AA1A516CCD00C08E26 /* PullMenu.swift */,
			);
			path = PullMenu;
			sourceTree = "<group>";
		};
		B23898861A516CA900C08E26 /* Supporting Files */ = {
			isa = PBXGroup;
			children = (
				B23898871A516CA900C08E26 /* Info.plist */,
			);
			name = "Supporting Files";
			sourceTree = "<group>";
		};
		B238989B1A516CA900C08E26 /* PullMenuTests */ = {
			isa = PBXGroup;
			children = (
				B238989E1A516CA900C08E26 /* PullMenuTests.swift */,
				B238989C1A516CA900C08E26 /* Supporting Files */,
			);
			path = PullMenuTests;
			sourceTree = "<group>";
		};
		B238989C1A516CA900C08E26 /* Supporting Files */ = {
			isa = PBXGroup;
			children = (
				B238989D1A516CA900C08E26 /* Info.plist */,
			);
			name = "Supporting Files";
			sourceTree = "<group>";
		};
/* End PBXGroup section */

/* Begin PBXNativeTarget section */
		B23898821A516CA900C08E26 /* PullMenu */ = {
			isa = PBXNativeTarget;
			buildConfigurationList = B23898A21A516CA900C08E26 /* Build configuration list for PBXNativeTarget "PullMenu" */;
			buildPhases = (
				B238987F1A516CA900C08E26 /* Sources */,
				B23898801A516CA900C08E26 /* Frameworks */,
				B23898811A516CA900C08E26 /* Resources */,
			);
			buildRules = (
			);
			dependencies = (
			);
			name = PullMenu;
			productName = PullMenu;
			productReference = B23898831A516CA900C08E26 /* PullMenu.app */;
			productType = "com.apple.product-type.application";
		};
		B23898971A516CA900C08E26 /* PullMenuTests */ = {
			isa = PBXNativeTarget;
			buildConfigurationList = B23898A51A516CA900C08E26 /* Build configuration list for PBXNativeTarget "PullMenuTests" */;
			buildPhases = (
				B23898941A516CA900C08E26 /* Sources */,
				B23898951A516CA900C08E26 /* Frameworks */,
				B23898961A516CA900C08E26 /* Resources */,
			);
			buildRules = (
			);
			dependencies = (
				B238989A1A516CA900C08E26 /* PBXTargetDependency */,
			);
			name = PullMenuTests;
			productName = PullMenuTests;
			productReference = B23898981A516CA900C08E26 /* PullMenuTests.xctest */;
			productType = "com.apple.product-type.bundle.unit-test";
		};
/* End PBXNativeTarget section */

/* Begin PBXProject section */
		B238987B1A516CA900C08E26 /* Project object */ = {
			isa = PBXProject;
			attributes = {
				LastUpgradeCheck = 0610;
				ORGANIZATIONNAME = "Cem Olcay";
				TargetAttributes = {
					B23898821A516CA900C08E26 = {
						CreatedOnToolsVersion = 6.1.1;
					};
					B23898971A516CA900C08E26 = {
						CreatedOnToolsVersion = 6.1.1;
						TestTargetID = B23898821A516CA900C08E26;
					};
				};
			};
			buildConfigurationList = B238987E1A516CA900C08E26 /* Build configuration list for PBXProject "PullMenu" */;
			compatibilityVersion = "Xcode 3.2";
			developmentRegion = English;
			hasScannedForEncodings = 0;
			knownRegions = (
				en,
				Base,
			);
			mainGroup = B238987A1A516CA900C08E26;
			productRefGroup = B23898841A516CA900C08E26 /* Products */;
			projectDirPath = "";
			projectRoot = "";
			targets = (
				B23898821A516CA900C08E26 /* PullMenu */,
				B23898971A516CA900C08E26 /* PullMenuTests */,
			);
		};
/* End PBXProject section */

/* Begin PBXResourcesBuildPhase section */
		B23898811A516CA900C08E26 /* Resources */ = {
			isa = PBXResourcesBuildPhase;
			buildActionMask = 2147483647;
			files = (
				B238988E1A516CA900C08E26 /* Main.storyboard in Resources */,
				B23898931A516CA900C08E26 /* LaunchScreen.xib in Resources */,
				B23898901A516CA900C08E26 /* Images.xcassets in Resources */,
			);
			runOnlyForDeploymentPostprocessing = 0;
		};
		B23898961A516CA900C08E26 /* Resources */ = {
			isa = PBXResourcesBuildPhase;
			buildActionMask = 2147483647;
			files = (
			);
			runOnlyForDeploymentPostprocessing = 0;
		};
/* End PBXResourcesBuildPhase section */

/* Begin PBXSourcesBuildPhase section */
		B238987F1A516CA900C08E26 /* Sources */ = {
			isa = PBXSourcesBuildPhase;
			buildActionMask = 2147483647;
			files = (
				B23898AD1A51707600C08E26 /* CEMKit.swift in Sources */,
				B238988B1A516CA900C08E26 /* ViewController.swift in Sources */,
				B23898AB1A516CCD00C08E26 /* PullMenu.swift in Sources */,
				B23898891A516CA900C08E26 /* AppDelegate.swift in Sources */,
			);
			runOnlyForDeploymentPostprocessing = 0;
		};
		B23898941A516CA900C08E26 /* Sources */ = {
			isa = PBXSourcesBuildPhase;
			buildActionMask = 2147483647;
			files = (
				B238989F1A516CA900C08E26 /* PullMenuTests.swift in Sources */,
			);
			runOnlyForDeploymentPostprocessing = 0;
		};
/* End PBXSourcesBuildPhase section */

/* Begin PBXTargetDependency section */
		B238989A1A516CA900C08E26 /* PBXTargetDependency */ = {
			isa = PBXTargetDependency;
			target = B23898821A516CA900C08E26 /* PullMenu */;
			targetProxy = B23898991A516CA900C08E26 /* PBXContainerItemProxy */;
		};
/* End PBXTargetDependency section */

/* Begin PBXVariantGroup section */
		B238988C1A516CA900C08E26 /* Main.storyboard */ = {
			isa = PBXVariantGroup;
			children = (
				B238988D1A516CA900C08E26 /* Base */,
			);
			name = Main.storyboard;
			sourceTree = "<group>";
		};
		B23898911A516CA900C08E26 /* LaunchScreen.xib */ = {
			isa = PBXVariantGroup;
			children = (
				B23898921A516CA900C08E26 /* Base */,
			);
			name = LaunchScreen.xib;
			sourceTree = "<group>";
		};
/* End PBXVariantGroup section */

/* Begin XCBuildConfiguration section */
		B23898A01A516CA900C08E26 /* Debug */ = {
			isa = XCBuildConfiguration;
			buildSettings = {
				ALWAYS_SEARCH_USER_PATHS = NO;
				CLANG_CXX_LANGUAGE_STANDARD = "gnu++0x";
				CLANG_CXX_LIBRARY = "libc++";
				CLANG_ENABLE_MODULES = YES;
				CLANG_ENABLE_OBJC_ARC = YES;
				CLANG_WARN_BOOL_CONVERSION = YES;
				CLANG_WARN_CONSTANT_CONVERSION = YES;
				CLANG_WARN_DIRECT_OBJC_ISA_USAGE = YES_ERROR;
				CLANG_WARN_EMPTY_BODY = YES;
				CLANG_WARN_ENUM_CONVERSION = YES;
				CLANG_WARN_INT_CONVERSION = YES;
				CLANG_WARN_OBJC_ROOT_CLASS = YES_ERROR;
				CLANG_WARN_UNREACHABLE_CODE = YES;
				CLANG_WARN__DUPLICATE_METHOD_MATCH = YES;
				"CODE_SIGN_IDENTITY[sdk=iphoneos*]" = "iPhone Developer";
				COPY_PHASE_STRIP = NO;
				ENABLE_STRICT_OBJC_MSGSEND = YES;
				GCC_C_LANGUAGE_STANDARD = gnu99;
				GCC_DYNAMIC_NO_PIC = NO;
				GCC_OPTIMIZATION_LEVEL = 0;
				GCC_PREPROCESSOR_DEFINITIONS = (
					"DEBUG=1",
					"$(inherited)",
				);
				GCC_SYMBOLS_PRIVATE_EXTERN = NO;
				GCC_WARN_64_TO_32_BIT_CONVERSION = YES;
				GCC_WARN_ABOUT_RETURN_TYPE = YES_ERROR;
				GCC_WARN_UNDECLARED_SELECTOR = YES;
				GCC_WARN_UNINITIALIZED_AUTOS = YES_AGGRESSIVE;
				GCC_WARN_UNUSED_FUNCTION = YES;
				GCC_WARN_UNUSED_VARIABLE = YES;
				IPHONEOS_DEPLOYMENT_TARGET = 8.1;
				MTL_ENABLE_DEBUG_INFO = YES;
				ONLY_ACTIVE_ARCH = YES;
				SDKROOT = iphoneos;
				SWIFT_OPTIMIZATION_LEVEL = "-Onone";
				TARGETED_DEVICE_FAMILY = "1,2";
			};
			name = Debug;
		};
		B23898A11A516CA900C08E26 /* Release */ = {
			isa = XCBuildConfiguration;
			buildSettings = {
				ALWAYS_SEARCH_USER_PATHS = NO;
				CLANG_CXX_LANGUAGE_STANDARD = "gnu++0x";
				CLANG_CXX_LIBRARY = "libc++";
				CLANG_ENABLE_MODULES = YES;
				CLANG_ENABLE_OBJC_ARC = YES;
				CLANG_WARN_BOOL_CONVERSION = YES;
				CLANG_WARN_CONSTANT_CONVERSION = YES;
				CLANG_WARN_DIRECT_OBJC_ISA_USAGE = YES_ERROR;
				CLANG_WARN_EMPTY_BODY = YES;
				CLANG_WARN_ENUM_CONVERSION = YES;
				CLANG_WARN_INT_CONVERSION = YES;
				CLANG_WARN_OBJC_ROOT_CLASS = YES_ERROR;
				CLANG_WARN_UNREACHABLE_CODE = YES;
				CLANG_WARN__DUPLICATE_METHOD_MATCH = YES;
				"CODE_SIGN_IDENTITY[sdk=iphoneos*]" = "iPhone Developer";
				COPY_PHASE_STRIP = YES;
				ENABLE_NS_ASSERTIONS = NO;
				ENABLE_STRICT_OBJC_MSGSEND = YES;
				GCC_C_LANGUAGE_STANDARD = gnu99;
				GCC_WARN_64_TO_32_BIT_CONVERSION = YES;
				GCC_WARN_ABOUT_RETURN_TYPE = YES_ERROR;
				GCC_WARN_UNDECLARED_SELECTOR = YES;
				GCC_WARN_UNINITIALIZED_AUTOS = YES_AGGRESSIVE;
				GCC_WARN_UNUSED_FUNCTION = YES;
				GCC_WARN_UNUSED_VARIABLE = YES;
				IPHONEOS_DEPLOYMENT_TARGET = 8.1;
				MTL_ENABLE_DEBUG_INFO = NO;
				SDKROOT = iphoneos;
				TARGETED_DEVICE_FAMILY = "1,2";
				VALIDATE_PRODUCT = YES;
			};
			name = Release;
		};
		B23898A31A516CA900C08E26 /* Debug */ = {
			isa = XCBuildConfiguration;
			buildSettings = {
				ASSETCATALOG_COMPILER_APPICON_NAME = AppIcon;
				INFOPLIST_FILE = PullMenu/Info.plist;
				IPHONEOS_DEPLOYMENT_TARGET = 7.1;
				LD_RUNPATH_SEARCH_PATHS = "$(inherited) @executable_path/Frameworks";
				PRODUCT_NAME = "$(TARGET_NAME)";
			};
			name = Debug;
		};
		B23898A41A516CA900C08E26 /* Release */ = {
			isa = XCBuildConfiguration;
			buildSettings = {
				ASSETCATALOG_COMPILER_APPICON_NAME = AppIcon;
				INFOPLIST_FILE = PullMenu/Info.plist;
				IPHONEOS_DEPLOYMENT_TARGET = 7.1;
				LD_RUNPATH_SEARCH_PATHS = "$(inherited) @executable_path/Frameworks";
				PRODUCT_NAME = "$(TARGET_NAME)";
			};
			name = Release;
		};
		B23898A61A516CA900C08E26 /* Debug */ = {
			isa = XCBuildConfiguration;
			buildSettings = {
				BUNDLE_LOADER = "$(TEST_HOST)";
				FRAMEWORK_SEARCH_PATHS = (
					"$(SDKROOT)/Developer/Library/Frameworks",
					"$(inherited)",
				);
				GCC_PREPROCESSOR_DEFINITIONS = (
					"DEBUG=1",
					"$(inherited)",
				);
				INFOPLIST_FILE = PullMenuTests/Info.plist;
				LD_RUNPATH_SEARCH_PATHS = "$(inherited) @executable_path/Frameworks @loader_path/Frameworks";
				PRODUCT_NAME = "$(TARGET_NAME)";
				TEST_HOST = "$(BUILT_PRODUCTS_DIR)/PullMenu.app/PullMenu";
			};
			name = Debug;
		};
		B23898A71A516CA900C08E26 /* Release */ = {
			isa = XCBuildConfiguration;
			buildSettings = {
				BUNDLE_LOADER = "$(TEST_HOST)";
				FRAMEWORK_SEARCH_PATHS = (
					"$(SDKROOT)/Developer/Library/Frameworks",
					"$(inherited)",
				);
				INFOPLIST_FILE = PullMenuTests/Info.plist;
				LD_RUNPATH_SEARCH_PATHS = "$(inherited) @executable_path/Frameworks @loader_path/Frameworks";
				PRODUCT_NAME = "$(TARGET_NAME)";
				TEST_HOST = "$(BUILT_PRODUCTS_DIR)/PullMenu.app/PullMenu";
			};
			name = Release;
		};
/* End XCBuildConfiguration section */

/* Begin XCConfigurationList section */
		B238987E1A516CA900C08E26 /* Build configuration list for PBXProject "PullMenu" */ = {
			isa = XCConfigurationList;
			buildConfigurations = (
				B23898A01A516CA900C08E26 /* Debug */,
				B23898A11A516CA900C08E26 /* Release */,
			);
			defaultConfigurationIsVisible = 0;
			defaultConfigurationName = Release;
		};
		B23898A21A516CA900C08E26 /* Build configuration list for PBXNativeTarget "PullMenu" */ = {
			isa = XCConfigurationList;
			buildConfigurations = (
				B23898A31A516CA900C08E26 /* Debug */,
				B23898A41A516CA900C08E26 /* Release */,
			);
			defaultConfigurationIsVisible = 0;
		};
		B23898A51A516CA900C08E26 /* Build configuration list for PBXNativeTarget "PullMenuTests" */ = {
			isa = XCConfigurationList;
			buildConfigurations = (
				B23898A61A516CA900C08E26 /* Debug */,
				B23898A71A516CA900C08E26 /* Release */,
			);
			defaultConfigurationIsVisible = 0;
		};
/* End XCConfigurationList section */
	};
	rootObject = B238987B1A516CA900C08E26 /* Project object */;
}
